
Microsoft Visual Studio Solution File, Format Version 12.00
# Visual Studio Version 17
VisualStudioVersion = 17.4.33403.182
MinimumVisualStudioVersion = 10.0.40219.1
Project("{FAE04EC0-301F-11D3-BF4B-00C04F79EFBC}") = "PhoDucHuy_2011060374_Bai3", "PhoDucHuy_2011060374_Bai3.csproj", "{56CA3313-FC94-4324-A883-5836A9DD124B}"
EndProject
Global
	GlobalSection(SolutionConfigurationPlatforms) = preSolution
		Debug|Any CPU = Debug|Any CPU
		Release|Any CPU = Release|Any CPU
	EndGlobalSection
	GlobalSection(ProjectConfigurationPlatforms) = postSolution
		{56CA3313-FC94-4324-A883-5836A9DD124B}.Debug|Any CPU.ActiveCfg = Debug|Any CPU
		{56CA3313-FC94-4324-A883-5836A9DD124B}.Debug|Any CPU.Build.0 = Debug|Any CPU
		{56CA3313-FC94-4324-A883-5836A9DD124B}.Release|Any CPU.ActiveCfg = Release|Any CPU
		{56CA3313-FC94-4324-A883-5836A9DD124B}.Release|Any CPU.Build.0 = Release|Any CPU
	EndGlobalSection
	GlobalSection(SolutionProperties) = preSolution
		HideSolutionNode = FALSE
	EndGlobalSection
	GlobalSection(ExtensibilityGlobals) = postSolution
		SolutionGuid = {DEF6E607-89D2-4B3B-9FE3-B271CEF1AE74}
	EndGlobalSection
EndGlobal
